PODS:
  - FlutterMacOS (1.0.0)
  - getx (0.0.1):
    - FlutterMacOS

DEPENDENCIES:
  - FlutterMacOS (from `Flutter/ephemeral`)
  - getx (from `Flutter/ephemeral/.symlinks/plugins/getx/macos`)

EXTERNAL SOURCES:
  FlutterMacOS:
    :path: Flutter/ephemeral
  getx:
    :path: Flutter/ephemeral/.symlinks/plugins/getx/macos

SPEC CHECKSUMS:
  FlutterMacOS: 8f6f14fa908a6fb3fba0cd85dbd81ec4b251fb24
  getx: 4ca367f55c6e9838b65ca89c0a3136b122e21554

PODFILE CHECKSUM: 353c8bcc5d5b0994e508d035b5431cfe18c1dea7

COCOAPODS: 1.12.0
